// !$*UTF8*$!
{
	archiveVersion = 1;
	classes = {
	};
	objectVersion = 46;
	objects = {

/* Begin PBXBuildFile section */
		15E8EEFA94A1497EA51F5C32 /* libPods.a in Frameworks */ = {isa = PBXBuildFile; fileRef = 0F6A77E962E54896A7A0D11E /* libPods.a */; };
		4B0051BA184A9BCA009F1D26 /* WildReadingTimerView.m in Sources */ = {isa = PBXBuildFile; fileRef = 4B0051B9184A9BCA009F1D26 /* WildReadingTimerView.m */; };
		4B06FF0A182B4B8D0025E854 /* PuzzleWindow.m in Sources */ = {isa = PBXBuildFile; fileRef = 4B06FF09182B4B8D0025E854 /* PuzzleWindow.m */; };
		4B06FF0B182B4B8D0025E854 /* PuzzleWindow.m in Sources */ = {isa = PBXBuildFile; fileRef = 4B06FF09182B4B8D0025E854 /* PuzzleWindow.m */; };
		4B06FF0E182B4D6E0025E854 /* AnagramViewController.m in Sources */ = {isa = PBXBuildFile; fileRef = 4B06FF0D182B4D6E0025E854 /* AnagramViewController.m */; };
		4B06FF0F182B4D6E0025E854 /* AnagramViewController.m in Sources */ = {isa = PBXBuildFile; fileRef = 4B06FF0D182B4D6E0025E854 /* AnagramViewController.m */; };
		4B06FF12182B57700025E854 /* WordSearchViewController.m in Sources */ = {isa = PBXBuildFile; fileRef = 4B06FF11182B57700025E854 /* WordSearchViewController.m */; };
		4B06FF13182B57700025E854 /* WordSearchViewController.m in Sources */ = {isa = PBXBuildFile; fileRef = 4B06FF11182B57700025E854 /* WordSearchViewController.m */; };
		4B1365871826BA2400C54EC2 /* UIKit.framework in Frameworks */ = {isa = PBXBuildFile; fileRef = 4B1365861826BA2400C54EC2 /* UIKit.framework */; };
		4B1365891826BA2400C54EC2 /* Foundation.framework in Frameworks */ = {isa = PBXBuildFile; fileRef = 4B1365881826BA2400C54EC2 /* Foundation.framework */; };
		4B13658B1826BA2400C54EC2 /* CoreGraphics.framework in Frameworks */ = {isa = PBXBuildFile; fileRef = 4B13658A1826BA2400C54EC2 /* CoreGraphics.framework */; };
		4B1365911826BA2400C54EC2 /* InfoPlist.strings in Resources */ = {isa = PBXBuildFile; fileRef = 4B13658F1826BA2400C54EC2 /* InfoPlist.strings */; };
		4B1365931826BA2400C54EC2 /* main.m in Sources */ = {isa = PBXBuildFile; fileRef = 4B1365921826BA2400C54EC2 /* main.m */; };
		4B1365971826BA2400C54EC2 /* AppDelegate.m in Sources */ = {isa = PBXBuildFile; fileRef = 4B1365961826BA2400C54EC2 /* AppDelegate.m */; };
		4B1365991826BA2400C54EC2 /* Default.png in Resources */ = {isa = PBXBuildFile; fileRef = 4B1365981826BA2400C54EC2 /* Default.png */; };
		4B13659B1826BA2400C54EC2 /* Default@2x.png in Resources */ = {isa = PBXBuildFile; fileRef = 4B13659A1826BA2400C54EC2 /* Default@2x.png */; };
		4B13659D1826BA2500C54EC2 /* Default-568h@2x.png in Resources */ = {isa = PBXBuildFile; fileRef = 4B13659C1826BA2500C54EC2 /* Default-568h@2x.png */; };
		4B1365A01826BA2500C54EC2 /* MainStoryboard.storyboard in Resources */ = {isa = PBXBuildFile; fileRef = 4B13659E1826BA2500C54EC2 /* MainStoryboard.storyboard */; };
		4B1365A31826BA2500C54EC2 /* MainMenuViewController.m in Sources */ = {isa = PBXBuildFile; fileRef = 4B1365A21826BA2500C54EC2 /* MainMenuViewController.m */; };
		4B1365AB1826BA2800C54EC2 /* SenTestingKit.framework in Frameworks */ = {isa = PBXBuildFile; fileRef = 4B1365AA1826BA2800C54EC2 /* SenTestingKit.framework */; };
		4B1365AC1826BA2800C54EC2 /* UIKit.framework in Frameworks */ = {isa = PBXBuildFile; fileRef = 4B1365861826BA2400C54EC2 /* UIKit.framework */; };
		4B1365AD1826BA2800C54EC2 /* Foundation.framework in Frameworks */ = {isa = PBXBuildFile; fileRef = 4B1365881826BA2400C54EC2 /* Foundation.framework */; };
		4B1365B51826BA2900C54EC2 /* InfoPlist.strings in Resources */ = {isa = PBXBuildFile; fileRef = 4B1365B31826BA2900C54EC2 /* InfoPlist.strings */; };
		4B1365B81826BA2900C54EC2 /* ReadingWildTests.m in Sources */ = {isa = PBXBuildFile; fileRef = 4B1365B71826BA2900C54EC2 /* ReadingWildTests.m */; };
		4B16DC6318C139BF0048BA7C /* word_search_order.txt in Resources */ = {isa = PBXBuildFile; fileRef = 4B16DC6218C139BF0048BA7C /* word_search_order.txt */; };
		4B1F6EEB18BC7E840007A596 /* wordSearchSolutions.csv in Resources */ = {isa = PBXBuildFile; fileRef = 4B1F6EEA18BC7E840007A596 /* wordSearchSolutions.csv */; };
		4B1F6EEE18BC7EDF0007A596 /* WordContainer.m in Sources */ = {isa = PBXBuildFile; fileRef = 4B1F6EED18BC7EDF0007A596 /* WordContainer.m */; };
		4B1F6F0D18BD1B570007A596 /* anagram_multiple_instructions.txt in Resources */ = {isa = PBXBuildFile; fileRef = 4B1F6F0718BD1B570007A596 /* anagram_multiple_instructions.txt */; };
		4B1F6F0E18BD1B570007A596 /* anagram_single_instructions.txt in Resources */ = {isa = PBXBuildFile; fileRef = 4B1F6F0818BD1B570007A596 /* anagram_single_instructions.txt */; };
		4B1F6F0F18BD1B570007A596 /* fluency_multiple_instructions.txt in Resources */ = {isa = PBXBuildFile; fileRef = 4B1F6F0918BD1B570007A596 /* fluency_multiple_instructions.txt */; };
		4B1F6F1018BD1B570007A596 /* fluency_single_instructions.txt in Resources */ = {isa = PBXBuildFile; fileRef = 4B1F6F0A18BD1B570007A596 /* fluency_single_instructions.txt */; };
		4B1F6F1118BD1B570007A596 /* wordsearch_multiple_instructions.txt in Resources */ = {isa = PBXBuildFile; fileRef = 4B1F6F0B18BD1B570007A596 /* wordsearch_multiple_instructions.txt */; };
		4B1F6F1218BD1B570007A596 /* wordsearch_single_instructions.txt in Resources */ = {isa = PBXBuildFile; fileRef = 4B1F6F0C18BD1B570007A596 /* wordsearch_single_instructions.txt */; };
		4B1F6F1518BD1BBA0007A596 /* InstructionsHelper.m in Sources */ = {isa = PBXBuildFile; fileRef = 4B1F6F1418BD1BBA0007A596 /* InstructionsHelper.m */; };
		4B28181B18504A9900B98BDA /* AdminViewController.m in Sources */ = {isa = PBXBuildFile; fileRef = 4B28181A18504A9900B98BDA /* AdminViewController.m */; };
		4B28182118504BC800B98BDA /* TaskCell.m in Sources */ = {isa = PBXBuildFile; fileRef = 4B28182018504BC800B98BDA /* TaskCell.m */; };
		4B2818241850530900B98BDA /* SettingsManager.m in Sources */ = {isa = PBXBuildFile; fileRef = 4B2818231850530900B98BDA /* SettingsManager.m */; };
		4B2818261850562500B98BDA /* Defaults.plist in Resources */ = {isa = PBXBuildFile; fileRef = 4B2818251850562500B98BDA /* Defaults.plist */; };
		4B3FBD7B18A9E82B008111A9 /* anagram_words.csv in Resources */ = {isa = PBXBuildFile; fileRef = 4B3FBD7A18A9E82B008111A9 /* anagram_words.csv */; };
		4B3FBD8718B329BB008111A9 /* icon40.png in Resources */ = {isa = PBXBuildFile; fileRef = 4B3FBD8218B329BB008111A9 /* icon40.png */; };
		4B3FBD8818B329BB008111A9 /* icon72.png in Resources */ = {isa = PBXBuildFile; fileRef = 4B3FBD8318B329BB008111A9 /* icon72.png */; };
		4B3FBD8918B329BB008111A9 /* icon76.png in Resources */ = {isa = PBXBuildFile; fileRef = 4B3FBD8418B329BB008111A9 /* icon76.png */; };
		4B3FBD8A18B329BB008111A9 /* icon80.png in Resources */ = {isa = PBXBuildFile; fileRef = 4B3FBD8518B329BB008111A9 /* icon80.png */; };
		4B3FBD8B18B329BB008111A9 /* icon152.png in Resources */ = {isa = PBXBuildFile; fileRef = 4B3FBD8618B329BB008111A9 /* icon152.png */; };
		4B3FBDDA18B32A9D008111A9 /* icon_27479.png in Resources */ = {isa = PBXBuildFile; fileRef = 4B3FBDD918B32A9D008111A9 /* icon_27479.png */; };
		4B4019E3189C1B04003FA1D0 /* WildReadingTaskPlayerViewController.m in Sources */ = {isa = PBXBuildFile; fileRef = 4B4019E2189C1B04003FA1D0 /* WildReadingTaskPlayerViewController.m */; };
		4B4019E6189C6FC2003FA1D0 /* FluencyViewController.m in Sources */ = {isa = PBXBuildFile; fileRef = 4B4019E5189C6FC2003FA1D0 /* FluencyViewController.m */; };
		4B4019E8189C75BA003FA1D0 /* AVFoundation.framework in Frameworks */ = {isa = PBXBuildFile; fileRef = 4B4019E7189C75BA003FA1D0 /* AVFoundation.framework */; };
		4B4019EA189C7756003FA1D0 /* fluencycategories.txt in Resources */ = {isa = PBXBuildFile; fileRef = 4B4019E9189C7756003FA1D0 /* fluencycategories.txt */; };
		4B4019EC189C8BBE003FA1D0 /* recording.png in Resources */ = {isa = PBXBuildFile; fileRef = 4B4019EB189C8BBE003FA1D0 /* recording.png */; };
		4B601D5C1895ED840083A7ED /* TaskDataModel.xcdatamodeld in Sources */ = {isa = PBXBuildFile; fileRef = 4B601D5A1895ED840083A7ED /* TaskDataModel.xcdatamodeld */; };
		4B601D621895F16D0083A7ED /* Task.m in Sources */ = {isa = PBXBuildFile; fileRef = 4B601D611895F16D0083A7ED /* Task.m */; };
		4B601D641895FBC20083A7ED /* CoreData.framework in Frameworks */ = {isa = PBXBuildFile; fileRef = 4B601D631895FBC20083A7ED /* CoreData.framework */; };
		4B6906F718C6881F0086BCDE /* 101 WORDGRID.txt in Resources */ = {isa = PBXBuildFile; fileRef = 4B6906C818C6881F0086BCDE /* 101 WORDGRID.txt */; };
		4B6906F818C6881F0086BCDE /* 102 WORDGRID.txt in Resources */ = {isa = PBXBuildFile; fileRef = 4B6906C918C6881F0086BCDE /* 102 WORDGRID.txt */; };
		4B6906F918C6881F0086BCDE /* 103 WORDGRID.txt in Resources */ = {isa = PBXBuildFile; fileRef = 4B6906CA18C6881F0086BCDE /* 103 WORDGRID.txt */; };
		4B6906FA18C6881F0086BCDE /* 104 WORDGRID.txt in Resources */ = {isa = PBXBuildFile; fileRef = 4B6906CB18C6881F0086BCDE /* 104 WORDGRID.txt */; };
		4B6906FB18C6881F0086BCDE /* 105 WORDGRID.txt in Resources */ = {isa = PBXBuildFile; fileRef = 4B6906CC18C6881F0086BCDE /* 105 WORDGRID.txt */; };
		4B6906FC18C6881F0086BCDE /* 106 WORDGRID.txt in Resources */ = {isa = PBXBuildFile; fileRef = 4B6906CD18C6881F0086BCDE /* 106 WORDGRID.txt */; };
		4B6906FD18C6881F0086BCDE /* 107 WORDGRID.txt in Resources */ = {isa = PBXBuildFile; fileRef = 4B6906CE18C6881F0086BCDE /* 107 WORDGRID.txt */; };
		4B6906FE18C6881F0086BCDE /* 108 WORDGRID.txt in Resources */ = {isa = PBXBuildFile; fileRef = 4B6906CF18C6881F0086BCDE /* 108 WORDGRID.txt */; };
		4B6906FF18C6881F0086BCDE /* 109 WORDGRID.txt in Resources */ = {isa = PBXBuildFile; fileRef = 4B6906D018C6881F0086BCDE /* 109 WORDGRID.txt */; };
		4B69070018C6881F0086BCDE /* 110 WORDGRID.txt in Resources */ = {isa = PBXBuildFile; fileRef = 4B6906D118C6881F0086BCDE /* 110 WORDGRID.txt */; };
		4B69070118C6881F0086BCDE /* 111 WORDGRID.txt in Resources */ = {isa = PBXBuildFile; fileRef = 4B6906D218C6881F0086BCDE /* 111 WORDGRID.txt */; };
		4B69070218C6881F0086BCDE /* 112 WORDGRID.txt in Resources */ = {isa = PBXBuildFile; fileRef = 4B6906D318C6881F0086BCDE /* 112 WORDGRID.txt */; };
		4B69070318C6881F0086BCDE /* 113 WORDGRID.txt in Resources */ = {isa = PBXBuildFile; fileRef = 4B6906D418C6881F0086BCDE /* 113 WORDGRID.txt */; };
		4B69070418C6881F0086BCDE /* 114 WORDGRID.txt in Resources */ = {isa = PBXBuildFile; fileRef = 4B6906D518C6881F0086BCDE /* 114 WORDGRID.txt */; };
		4B69070518C6881F0086BCDE /* 115 WORDGRID.txt in Resources */ = {isa = PBXBuildFile; fileRef = 4B6906D618C6881F0086BCDE /* 115 WORDGRID.txt */; };
		4B69070618C6881F0086BCDE /* 116 WORDGRID.txt in Resources */ = {isa = PBXBuildFile; fileRef = 4B6906D718C6881F0086BCDE /* 116 WORDGRID.txt */; };
		4B69070718C6881F0086BCDE /* 117 WORDGRID.txt in Resources */ = {isa = PBXBuildFile; fileRef = 4B6906D818C6881F0086BCDE /* 117 WORDGRID.txt */; };
		4B69070818C6881F0086BCDE /* 118 WORDGRID.txt in Resources */ = {isa = PBXBuildFile; fileRef = 4B6906D918C6881F0086BCDE /* 118 WORDGRID.txt */; };
		4B69070918C6881F0086BCDE /* 119 WORDGRID.txt in Resources */ = {isa = PBXBuildFile; fileRef = 4B6906DA18C6881F0086BCDE /* 119 WORDGRID.txt */; };
		4B69070A18C6881F0086BCDE /* 120 WORDGRID.txt in Resources */ = {isa = PBXBuildFile; fileRef = 4B6906DB18C6881F0086BCDE /* 120 WORDGRID.txt */; };
		4B69070B18C6881F0086BCDE /* 121 WORDGRID.txt in Resources */ = {isa = PBXBuildFile; fileRef = 4B6906DC18C6881F0086BCDE /* 121 WORDGRID.txt */; };
		4B69070C18C6881F0086BCDE /* 122 WORDGRID.txt in Resources */ = {isa = PBXBuildFile; fileRef = 4B6906DD18C6881F0086BCDE /* 122 WORDGRID.txt */; };
		4B69070D18C6881F0086BCDE /* 123 WORDGRID.txt in Resources */ = {isa = PBXBuildFile; fileRef = 4B6906DE18C6881F0086BCDE /* 123 WORDGRID.txt */; };
		4B69070E18C6881F0086BCDE /* 124 WORDGRID.txt in Resources */ = {isa = PBXBuildFile; fileRef = 4B6906DF18C6881F0086BCDE /* 124 WORDGRID.txt */; };
		4B69070F18C6881F0086BCDE /* 125 WORDGRID.txt in Resources */ = {isa = PBXBuildFile; fileRef = 4B6906E018C6881F0086BCDE /* 125 WORDGRID.txt */; };
		4B69071018C6881F0086BCDE /* 126 WORDGRID.txt in Resources */ = {isa = PBXBuildFile; fileRef = 4B6906E118C6881F0086BCDE /* 126 WORDGRID.txt */; };
		4B69071118C6881F0086BCDE /* 127 WORDGRID.txt in Resources */ = {isa = PBXBuildFile; fileRef = 4B6906E218C6881F0086BCDE /* 127 WORDGRID.txt */; };
		4B69071218C6881F0086BCDE /* 128 WORDGRID.txt in Resources */ = {isa = PBXBuildFile; fileRef = 4B6906E318C6881F0086BCDE /* 128 WORDGRID.txt */; };
		4B69071318C6881F0086BCDE /* 129 WORDGRID.txt in Resources */ = {isa = PBXBuildFile; fileRef = 4B6906E418C6881F0086BCDE /* 129 WORDGRID.txt */; };
		4B69071418C6881F0086BCDE /* 130 WORDGRID.txt in Resources */ = {isa = PBXBuildFile; fileRef = 4B6906E518C6881F0086BCDE /* 130 WORDGRID.txt */; };
		4B69071518C6881F0086BCDE /* 131 WORDGRID.txt in Resources */ = {isa = PBXBuildFile; fileRef = 4B6906E618C6881F0086BCDE /* 131 WORDGRID.txt */; };
		4B69071618C6881F0086BCDE /* 132 WORDGRID.txt in Resources */ = {isa = PBXBuildFile; fileRef = 4B6906E718C6881F0086BCDE /* 132 WORDGRID.txt */; };
		4B69071718C6881F0086BCDE /* 133 WORDGRID.txt in Resources */ = {isa = PBXBuildFile; fileRef = 4B6906E818C6881F0086BCDE /* 133 WORDGRID.txt */; };
		4B69071818C6881F0086BCDE /* 134 WORDGRID.txt in Resources */ = {isa = PBXBuildFile; fileRef = 4B6906E918C6881F0086BCDE /* 134 WORDGRID.txt */; };
		4B69071918C6881F0086BCDE /* 135 WORDGRID.txt in Resources */ = {isa = PBXBuildFile; fileRef = 4B6906EA18C6881F0086BCDE /* 135 WORDGRID.txt */; };
		4B69071A18C6881F0086BCDE /* 136 WORDGRID.txt in Resources */ = {isa = PBXBuildFile; fileRef = 4B6906EB18C6881F0086BCDE /* 136 WORDGRID.txt */; };
		4B69071B18C6881F0086BCDE /* 137 WORDGRID.txt in Resources */ = {isa = PBXBuildFile; fileRef = 4B6906EC18C6881F0086BCDE /* 137 WORDGRID.txt */; };
		4B69071C18C6881F0086BCDE /* 138 WORDGRID.txt in Resources */ = {isa = PBXBuildFile; fileRef = 4B6906ED18C6881F0086BCDE /* 138 WORDGRID.txt */; };
		4B69071D18C6881F0086BCDE /* 139 WORDGRID.txt in Resources */ = {isa = PBXBuildFile; fileRef = 4B6906EE18C6881F0086BCDE /* 139 WORDGRID.txt */; };
		4B69071E18C6881F0086BCDE /* 140 WORDGRID.txt in Resources */ = {isa = PBXBuildFile; fileRef = 4B6906EF18C6881F0086BCDE /* 140 WORDGRID.txt */; };
		4B69071F18C6881F0086BCDE /* 141 WORDGRID.txt in Resources */ = {isa = PBXBuildFile; fileRef = 4B6906F018C6881F0086BCDE /* 141 WORDGRID.txt */; };
		4B69072018C6881F0086BCDE /* 142 WORDGRID.txt in Resources */ = {isa = PBXBuildFile; fileRef = 4B6906F118C6881F0086BCDE /* 142 WORDGRID.txt */; };
		4B69072118C6881F0086BCDE /* 143 WORDGRID.txt in Resources */ = {isa = PBXBuildFile; fileRef = 4B6906F218C6881F0086BCDE /* 143 WORDGRID.txt */; };
		4B69072218C6881F0086BCDE /* 144 WORDGRID.txt in Resources */ = {isa = PBXBuildFile; fileRef = 4B6906F318C6881F0086BCDE /* 144 WORDGRID.txt */; };
		4B69072318C6881F0086BCDE /* 145 WORDGRID.txt in Resources */ = {isa = PBXBuildFile; fileRef = 4B6906F418C6881F0086BCDE /* 145 WORDGRID.txt */; };
		4B69072418C6881F0086BCDE /* 146 WORDGRID.txt in Resources */ = {isa = PBXBuildFile; fileRef = 4B6906F518C6881F0086BCDE /* 146 WORDGRID.txt */; };
		4B69072518C6881F0086BCDE /* 147 WORDGRID.txt in Resources */ = {isa = PBXBuildFile; fileRef = 4B6906F618C6881F0086BCDE /* 147 WORDGRID.txt */; };
		4B7CEB0418A6F22500493FC7 /* WildReadingUserSelectionView.m in Sources */ = {isa = PBXBuildFile; fileRef = 4B7CEB0318A6F22500493FC7 /* WildReadingUserSelectionView.m */; };
		4B7CEB0618A703D000493FC7 /* MessageUI.framework in Frameworks */ = {isa = PBXBuildFile; fileRef = 4B7CEB0518A703D000493FC7 /* MessageUI.framework */; };
		4BD8A96718973EAA004CAC63 /* LoggingSingleton.m in Sources */ = {isa = PBXBuildFile; fileRef = 4BD8A96618973EAA004CAC63 /* LoggingSingleton.m */; };
/* End PBXBuildFile section */

/* Begin PBXContainerItemProxy section */
		4B1365AE1826BA2800C54EC2 /* PBXContainerItemProxy */ = {
			isa = PBXContainerItemProxy;
			containerPortal = 4B13657B1826BA2300C54EC2 /* Project object */;
			proxyType = 1;
			remoteGlobalIDString = 4B1365821826BA2300C54EC2;
			remoteInfo = ReadingWild;
		};
/* End PBXContainerItemProxy section */

/* Begin PBXFileReference section */
		0F6A77E962E54896A7A0D11E /* libPods.a */ = {isa = PBXFileReference; explicitFileType = archive.ar; includeInIndex = 0; path = libPods.a; sourceTree = BUILT_PRODUCTS_DIR; };
		4B0051B8184A9BCA009F1D26 /* WildReadingTimerView.h */ = {isa = PBXFileReference; fileEncoding = 4; lastKnownFileType = sourcecode.c.h; path = WildReadingTimerView.h; sourceTree = "<group>"; };
		4B0051B9184A9BCA009F1D26 /* WildReadingTimerView.m */ = {isa = PBXFileReference; fileEncoding = 4; lastKnownFileType = sourcecode.c.objc; path = WildReadingTimerView.m; sourceTree = "<group>"; };
		4B06FF08182B4B8D0025E854 /* PuzzleWindow.h */ = {isa = PBXFileReference; fileEncoding = 4; lastKnownFileType = sourcecode.c.h; path = PuzzleWindow.h; sourceTree = "<group>"; };
		4B06FF09182B4B8D0025E854 /* PuzzleWindow.m */ = {isa = PBXFileReference; fileEncoding = 4; lastKnownFileType = sourcecode.c.objc; path = PuzzleWindow.m; sourceTree = "<group>"; };
		4B06FF0C182B4D6E0025E854 /* AnagramViewController.h */ = {isa = PBXFileReference; fileEncoding = 4; lastKnownFileType = sourcecode.c.h; path = AnagramViewController.h; sourceTree = "<group>"; };
		4B06FF0D182B4D6E0025E854 /* AnagramViewController.m */ = {isa = PBXFileReference; fileEncoding = 4; lastKnownFileType = sourcecode.c.objc; path = AnagramViewController.m; sourceTree = "<group>"; };
		4B06FF10182B57700025E854 /* WordSearchViewController.h */ = {isa = PBXFileReference; fileEncoding = 4; lastKnownFileType = sourcecode.c.h; path = WordSearchViewController.h; sourceTree = "<group>"; };
		4B06FF11182B57700025E854 /* WordSearchViewController.m */ = {isa = PBXFileReference; fileEncoding = 4; lastKnownFileType = sourcecode.c.objc; path = WordSearchViewController.m; sourceTree = "<group>"; };
		4B1365831826BA2400C54EC2 /* ReadingWild.app */ = {isa = PBXFileReference; explicitFileType = wrapper.application; includeInIndex = 0; path = ReadingWild.app; sourceTree = BUILT_PRODUCTS_DIR; };
		4B1365861826BA2400C54EC2 /* UIKit.framework */ = {isa = PBXFileReference; lastKnownFileType = wrapper.framework; name = UIKit.framework; path = System/Library/Frameworks/UIKit.framework; sourceTree = SDKROOT; };
		4B1365881826BA2400C54EC2 /* Foundation.framework */ = {isa = PBXFileReference; lastKnownFileType = wrapper.framework; name = Foundation.framework; path = System/Library/Frameworks/Foundation.framework; sourceTree = SDKROOT; };
		4B13658A1826BA2400C54EC2 /* CoreGraphics.framework */ = {isa = PBXFileReference; lastKnownFileType = wrapper.framework; name = CoreGraphics.framework; path = System/Library/Frameworks/CoreGraphics.framework; sourceTree = SDKROOT; };
		4B13658E1826BA2400C54EC2 /* ReadingWild-Info.plist */ = {isa = PBXFileReference; lastKnownFileType = text.plist.xml; path = "ReadingWild-Info.plist"; sourceTree = "<group>"; };
		4B1365901826BA2400C54EC2 /* en */ = {isa = PBXFileReference; lastKnownFileType = text.plist.strings; name = en; path = en.lproj/InfoPlist.strings; sourceTree = "<group>"; };
		4B1365921826BA2400C54EC2 /* main.m */ = {isa = PBXFileReference; lastKnownFileType = sourcecode.c.objc; path = main.m; sourceTree = "<group>"; };
		4B1365941826BA2400C54EC2 /* ReadingWild-Prefix.pch */ = {isa = PBXFileReference; lastKnownFileType = sourcecode.c.h; path = "ReadingWild-Prefix.pch"; sourceTree = "<group>"; };
		4B1365951826BA2400C54EC2 /* AppDelegate.h */ = {isa = PBXFileReference; lastKnownFileType = sourcecode.c.h; path = AppDelegate.h; sourceTree = "<group>"; };
		4B1365961826BA2400C54EC2 /* AppDelegate.m */ = {isa = PBXFileReference; lastKnownFileType = sourcecode.c.objc; path = AppDelegate.m; sourceTree = "<group>"; };
		4B1365981826BA2400C54EC2 /* Default.png */ = {isa = PBXFileReference; lastKnownFileType = image.png; path = Default.png; sourceTree = "<group>"; };
		4B13659A1826BA2400C54EC2 /* Default@2x.png */ = {isa = PBXFileReference; lastKnownFileType = image.png; path = "Default@2x.png"; sourceTree = "<group>"; };
		4B13659C1826BA2500C54EC2 /* Default-568h@2x.png */ = {isa = PBXFileReference; lastKnownFileType = image.png; path = "Default-568h@2x.png"; sourceTree = "<group>"; };
		4B13659F1826BA2500C54EC2 /* en */ = {isa = PBXFileReference; lastKnownFileType = file.storyboard; name = en; path = en.lproj/MainStoryboard.storyboard; sourceTree = "<group>"; };
		4B1365A11826BA2500C54EC2 /* MainMenuViewController.h */ = {isa = PBXFileReference; lastKnownFileType = sourcecode.c.h; path = MainMenuViewController.h; sourceTree = "<group>"; };
		4B1365A21826BA2500C54EC2 /* MainMenuViewController.m */ = {isa = PBXFileReference; lastKnownFileType = sourcecode.c.objc; path = MainMenuViewController.m; sourceTree = "<group>"; };
		4B1365A91826BA2800C54EC2 /* ReadingWildTests.octest */ = {isa = PBXFileReference; explicitFileType = wrapper.cfbundle; includeInIndex = 0; path = ReadingWildTests.octest; sourceTree = BUILT_PRODUCTS_DIR; };
		4B1365AA1826BA2800C54EC2 /* SenTestingKit.framework */ = {isa = PBXFileReference; lastKnownFileType = wrapper.framework; name = SenTestingKit.framework; path = Library/Frameworks/SenTestingKit.framework; sourceTree = DEVELOPER_DIR; };
		4B1365B21826BA2900C54EC2 /* ReadingWildTests-Info.plist */ = {isa = PBXFileReference; lastKnownFileType = text.plist.xml; path = "ReadingWildTests-Info.plist"; sourceTree = "<group>"; };
		4B1365B41826BA2900C54EC2 /* en */ = {isa = PBXFileReference; lastKnownFileType = text.plist.strings; name = en; path = en.lproj/InfoPlist.strings; sourceTree = "<group>"; };
		4B1365B61826BA2900C54EC2 /* ReadingWildTests.h */ = {isa = PBXFileReference; lastKnownFileType = sourcecode.c.h; path = ReadingWildTests.h; sourceTree = "<group>"; };
		4B1365B71826BA2900C54EC2 /* ReadingWildTests.m */ = {isa = PBXFileReference; lastKnownFileType = sourcecode.c.objc; path = ReadingWildTests.m; sourceTree = "<group>"; };
		4B16DC6218C139BF0048BA7C /* word_search_order.txt */ = {isa = PBXFileReference; fileEncoding = 4; lastKnownFileType = text; path = word_search_order.txt; sourceTree = "<group>"; };
		4B1F6EEA18BC7E840007A596 /* wordSearchSolutions.csv */ = {isa = PBXFileReference; fileEncoding = 4; lastKnownFileType = text; path = wordSearchSolutions.csv; sourceTree = "<group>"; };
		4B1F6EEC18BC7EDF0007A596 /* WordContainer.h */ = {isa = PBXFileReference; fileEncoding = 4; lastKnownFileType = sourcecode.c.h; path = WordContainer.h; sourceTree = "<group>"; };
		4B1F6EED18BC7EDF0007A596 /* WordContainer.m */ = {isa = PBXFileReference; fileEncoding = 4; lastKnownFileType = sourcecode.c.objc; path = WordContainer.m; sourceTree = "<group>"; };
		4B1F6F0718BD1B570007A596 /* anagram_multiple_instructions.txt */ = {isa = PBXFileReference; fileEncoding = 4; lastKnownFileType = text; path = anagram_multiple_instructions.txt; sourceTree = "<group>"; };
		4B1F6F0818BD1B570007A596 /* anagram_single_instructions.txt */ = {isa = PBXFileReference; fileEncoding = 4; lastKnownFileType = text; path = anagram_single_instructions.txt; sourceTree = "<group>"; };
		4B1F6F0918BD1B570007A596 /* fluency_multiple_instructions.txt */ = {isa = PBXFileReference; fileEncoding = 4; lastKnownFileType = text; path = fluency_multiple_instructions.txt; sourceTree = "<group>"; };
		4B1F6F0A18BD1B570007A596 /* fluency_single_instructions.txt */ = {isa = PBXFileReference; fileEncoding = 4; lastKnownFileType = text; path = fluency_single_instructions.txt; sourceTree = "<group>"; };
		4B1F6F0B18BD1B570007A596 /* wordsearch_multiple_instructions.txt */ = {isa = PBXFileReference; fileEncoding = 4; lastKnownFileType = text; path = wordsearch_multiple_instructions.txt; sourceTree = "<group>"; };
		4B1F6F0C18BD1B570007A596 /* wordsearch_single_instructions.txt */ = {isa = PBXFileReference; fileEncoding = 4; lastKnownFileType = text; path = wordsearch_single_instructions.txt; sourceTree = "<group>"; };
		4B1F6F1318BD1BBA0007A596 /* InstructionsHelper.h */ = {isa = PBXFileReference; fileEncoding = 4; lastKnownFileType = sourcecode.c.h; path = InstructionsHelper.h; sourceTree = "<group>"; };
		4B1F6F1418BD1BBA0007A596 /* InstructionsHelper.m */ = {isa = PBXFileReference; fileEncoding = 4; lastKnownFileType = sourcecode.c.objc; path = InstructionsHelper.m; sourceTree = "<group>"; };
		4B28181918504A9900B98BDA /* AdminViewController.h */ = {isa = PBXFileReference; fileEncoding = 4; lastKnownFileType = sourcecode.c.h; path = AdminViewController.h; sourceTree = "<group>"; };
		4B28181A18504A9900B98BDA /* AdminViewController.m */ = {isa = PBXFileReference; fileEncoding = 4; lastKnownFileType = sourcecode.c.objc; path = AdminViewController.m; sourceTree = "<group>"; };
		4B28181F18504BC800B98BDA /* TaskCell.h */ = {isa = PBXFileReference; fileEncoding = 4; lastKnownFileType = sourcecode.c.h; path = TaskCell.h; sourceTree = "<group>"; };
		4B28182018504BC800B98BDA /* TaskCell.m */ = {isa = PBXFileReference; fileEncoding = 4; lastKnownFileType = sourcecode.c.objc; path = TaskCell.m; sourceTree = "<group>"; };
		4B2818221850530900B98BDA /* SettingsManager.h */ = {isa = PBXFileReference; fileEncoding = 4; lastKnownFileType = sourcecode.c.h; path = SettingsManager.h; sourceTree = "<group>"; };
		4B2818231850530900B98BDA /* SettingsManager.m */ = {isa = PBXFileReference; fileEncoding = 4; lastKnownFileType = sourcecode.c.objc; path = SettingsManager.m; sourceTree = "<group>"; };
		4B2818251850562500B98BDA /* Defaults.plist */ = {isa = PBXFileReference; fileEncoding = 4; lastKnownFileType = text.plist.xml; path = Defaults.plist; sourceTree = "<group>"; };
		4B3FBD7A18A9E82B008111A9 /* anagram_words.csv */ = {isa = PBXFileReference; fileEncoding = 4; lastKnownFileType = text; path = anagram_words.csv; sourceTree = SOURCE_ROOT; };
		4B3FBD8218B329BB008111A9 /* icon40.png */ = {isa = PBXFileReference; lastKnownFileType = image.png; path = icon40.png; sourceTree = "<group>"; };
		4B3FBD8318B329BB008111A9 /* icon72.png */ = {isa = PBXFileReference; lastKnownFileType = image.png; path = icon72.png; sourceTree = "<group>"; };
		4B3FBD8418B329BB008111A9 /* icon76.png */ = {isa = PBXFileReference; lastKnownFileType = image.png; path = icon76.png; sourceTree = "<group>"; };
		4B3FBD8518B329BB008111A9 /* icon80.png */ = {isa = PBXFileReference; lastKnownFileType = image.png; path = icon80.png; sourceTree = "<group>"; };
		4B3FBD8618B329BB008111A9 /* icon152.png */ = {isa = PBXFileReference; lastKnownFileType = image.png; path = icon152.png; sourceTree = "<group>"; };
		4B3FBDD918B32A9D008111A9 /* icon_27479.png */ = {isa = PBXFileReference; lastKnownFileType = image.png; path = icon_27479.png; sourceTree = "<group>"; };
		4B4019E1189C1B04003FA1D0 /* WildReadingTaskPlayerViewController.h */ = {isa = PBXFileReference; fileEncoding = 4; lastKnownFileType = sourcecode.c.h; path = WildReadingTaskPlayerViewController.h; sourceTree = "<group>"; };
		4B4019E2189C1B04003FA1D0 /* WildReadingTaskPlayerViewController.m */ = {isa = PBXFileReference; fileEncoding = 4; lastKnownFileType = sourcecode.c.objc; path = WildReadingTaskPlayerViewController.m; sourceTree = "<group>"; };
		4B4019E4189C6FC2003FA1D0 /* FluencyViewController.h */ = {isa = PBXFileReference; fileEncoding = 4; lastKnownFileType = sourcecode.c.h; path = FluencyViewController.h; sourceTree = "<group>"; };
		4B4019E5189C6FC2003FA1D0 /* FluencyViewController.m */ = {isa = PBXFileReference; fileEncoding = 4; lastKnownFileType = sourcecode.c.objc; path = FluencyViewController.m; sourceTree = "<group>"; };
		4B4019E7189C75BA003FA1D0 /* AVFoundation.framework */ = {isa = PBXFileReference; lastKnownFileType = wrapper.framework; name = AVFoundation.framework; path = System/Library/Frameworks/AVFoundation.framework; sourceTree = SDKROOT; };
		4B4019E9189C7756003FA1D0 /* fluencycategories.txt */ = {isa = PBXFileReference; fileEncoding = 4; lastKnownFileType = text; name = fluencycategories.txt; path = ../../fluencycategories.txt; sourceTree = "<group>"; };
		4B4019EB189C8BBE003FA1D0 /* recording.png */ = {isa = PBXFileReference; lastKnownFileType = image.png; name = recording.png; path = ../recording.png; sourceTree = "<group>"; };
		4B601D5B1895ED840083A7ED /* TaskDataModel.xcdatamodel */ = {isa = PBXFileReference; lastKnownFileType = wrapper.xcdatamodel; path = TaskDataModel.xcdatamodel; sourceTree = "<group>"; };
		4B601D601895F16D0083A7ED /* Task.h */ = {isa = PBXFileReference; fileEncoding = 4; lastKnownFileType = sourcecode.c.h; path = Task.h; sourceTree = "<group>"; };
		4B601D611895F16D0083A7ED /* Task.m */ = {isa = PBXFileReference; fileEncoding = 4; lastKnownFileType = sourcecode.c.objc; path = Task.m; sourceTree = "<group>"; };
		4B601D631895FBC20083A7ED /* CoreData.framework */ = {isa = PBXFileReference; lastKnownFileType = wrapper.framework; name = CoreData.framework; path = System/Library/Frameworks/CoreData.framework; sourceTree = SDKROOT; };
		4B6906C818C6881F0086BCDE /* 101 WORDGRID.txt */ = {isa = PBXFileReference; fileEncoding = 4; lastKnownFileType = text; path = "101 WORDGRID.txt"; sourceTree = "<group>"; };
		4B6906C918C6881F0086BCDE /* 102 WORDGRID.txt */ = {isa = PBXFileReference; fileEncoding = 4; lastKnownFileType = text; path = "102 WORDGRID.txt"; sourceTree = "<group>"; };
		4B6906CA18C6881F0086BCDE /* 103 WORDGRID.txt */ = {isa = PBXFileReference; fileEncoding = 4; lastKnownFileType = text; path = "103 WORDGRID.txt"; sourceTree = "<group>"; };
		4B6906CB18C6881F0086BCDE /* 104 WORDGRID.txt */ = {isa = PBXFileReference; fileEncoding = 4; lastKnownFileType = text; path = "104 WORDGRID.txt"; sourceTree = "<group>"; };
		4B6906CC18C6881F0086BCDE /* 105 WORDGRID.txt */ = {isa = PBXFileReference; fileEncoding = 4; lastKnownFileType = text; path = "105 WORDGRID.txt"; sourceTree = "<group>"; };
		4B6906CD18C6881F0086BCDE /* 106 WORDGRID.txt */ = {isa = PBXFileReference; fileEncoding = 4; lastKnownFileType = text; path = "106 WORDGRID.txt"; sourceTree = "<group>"; };
		4B6906CE18C6881F0086BCDE /* 107 WORDGRID.txt */ = {isa = PBXFileReference; fileEncoding = 4; lastKnownFileType = text; path = "107 WORDGRID.txt"; sourceTree = "<group>"; };
		4B6906CF18C6881F0086BCDE /* 108 WORDGRID.txt */ = {isa = PBXFileReference; fileEncoding = 4; lastKnownFileType = text; path = "108 WORDGRID.txt"; sourceTree = "<group>"; };
		4B6906D018C6881F0086BCDE /* 109 WORDGRID.txt */ = {isa = PBXFileReference; fileEncoding = 4; lastKnownFileType = text; path = "109 WORDGRID.txt"; sourceTree = "<group>"; };
		4B6906D118C6881F0086BCDE /* 110 WORDGRID.txt */ = {isa = PBXFileReference; fileEncoding = 4; lastKnownFileType = text; path = "110 WORDGRID.txt"; sourceTree = "<group>"; };
		4B6906D218C6881F0086BCDE /* 111 WORDGRID.txt */ = {isa = PBXFileReference; fileEncoding = 4; lastKnownFileType = text; path = "111 WORDGRID.txt"; sourceTree = "<group>"; };
		4B6906D318C6881F0086BCDE /* 112 WORDGRID.txt */ = {isa = PBXFileReference; fileEncoding = 4; lastKnownFileType = text; path = "112 WORDGRID.txt"; sourceTree = "<group>"; };
		4B6906D418C6881F0086BCDE /* 113 WORDGRID.txt */ = {isa = PBXFileReference; fileEncoding = 4; lastKnownFileType = text; path = "113 WORDGRID.txt"; sourceTree = "<group>"; };
		4B6906D518C6881F0086BCDE /* 114 WORDGRID.txt */ = {isa = PBXFileReference; fileEncoding = 4; lastKnownFileType = text; path = "114 WORDGRID.txt"; sourceTree = "<group>"; };
		4B6906D618C6881F0086BCDE /* 115 WORDGRID.txt */ = {isa = PBXFileReference; fileEncoding = 4; lastKnownFileType = text; path = "115 WORDGRID.txt"; sourceTree = "<group>"; };
		4B6906D718C6881F0086BCDE /* 116 WORDGRID.txt */ = {isa = PBXFileReference; fileEncoding = 4; lastKnownFileType = text; path = "116 WORDGRID.txt"; sourceTree = "<group>"; };
		4B6906D818C6881F0086BCDE /* 117 WORDGRID.txt */ = {isa = PBXFileReference; fileEncoding = 4; lastKnownFileType = text; path = "117 WORDGRID.txt"; sourceTree = "<group>"; };
		4B6906D918C6881F0086BCDE /* 118 WORDGRID.txt */ = {isa = PBXFileReference; fileEncoding = 4; lastKnownFileType = text; path = "118 WORDGRID.txt"; sourceTree = "<group>"; };
		4B6906DA18C6881F0086BCDE /* 119 WORDGRID.txt */ = {isa = PBXFileReference; fileEncoding = 4; lastKnownFileType = text; path = "119 WORDGRID.txt"; sourceTree = "<group>"; };
		4B6906DB18C6881F0086BCDE /* 120 WORDGRID.txt */ = {isa = PBXFileReference; fileEncoding = 4; lastKnownFileType = text; path = "120 WORDGRID.txt"; sourceTree = "<group>"; };
		4B6906DC18C6881F0086BCDE /* 121 WORDGRID.txt */ = {isa = PBXFileReference; fileEncoding = 4; lastKnownFileType = text; path = "121 WORDGRID.txt"; sourceTree = "<group>"; };
		4B6906DD18C6881F0086BCDE /* 122 WORDGRID.txt */ = {isa = PBXFileReference; fileEncoding = 4; lastKnownFileType = text; path = "122 WORDGRID.txt"; sourceTree = "<group>"; };
		4B6906DE18C6881F0086BCDE /* 123 WORDGRID.txt */ = {isa = PBXFileReference; fileEncoding = 4; lastKnownFileType = text; path = "123 WORDGRID.txt"; sourceTree = "<group>"; };
		4B6906DF18C6881F0086BCDE /* 124 WORDGRID.txt */ = {isa = PBXFileReference; fileEncoding = 4; lastKnownFileType = text; path = "124 WORDGRID.txt"; sourceTree = "<group>"; };
		4B6906E018C6881F0086BCDE /* 125 WORDGRID.txt */ = {isa = PBXFileReference; fileEncoding = 4; lastKnownFileType = text; path = "125 WORDGRID.txt"; sourceTree = "<group>"; };
		4B6906E118C6881F0086BCDE /* 126 WORDGRID.txt */ = {isa = PBXFileReference; fileEncoding = 4; lastKnownFileType = text; path = "126 WORDGRID.txt"; sourceTree = "<group>"; };
		4B6906E218C6881F0086BCDE /* 127 WORDGRID.txt */ = {isa = PBXFileReference; fileEncoding = 4; lastKnownFileType = text; path = "127 WORDGRID.txt"; sourceTree = "<group>"; };
		4B6906E318C6881F0086BCDE /* 128 WORDGRID.txt */ = {isa = PBXFileReference; fileEncoding = 4; lastKnownFileType = text; path = "128 WORDGRID.txt"; sourceTree = "<group>"; };
		4B6906E418C6881F0086BCDE /* 129 WORDGRID.txt */ = {isa = PBXFileReference; fileEncoding = 4; lastKnownFileType = text; path = "129 WORDGRID.txt"; sourceTree = "<group>"; };
		4B6906E518C6881F0086BCDE /* 130 WORDGRID.txt */ = {isa = PBXFileReference; fileEncoding = 4; lastKnownFileType = text; path = "130 WORDGRID.txt"; sourceTree = "<group>"; };
		4B6906E618C6881F0086BCDE /* 131 WORDGRID.txt */ = {isa = PBXFileReference; fileEncoding = 4; lastKnownFileType = text; path = "131 WORDGRID.txt"; sourceTree = "<group>"; };
		4B6906E718C6881F0086BCDE /* 132 WORDGRID.txt */ = {isa = PBXFileReference; fileEncoding = 4; lastKnownFileType = text; path = "132 WORDGRID.txt"; sourceTree = "<group>"; };
		4B6906E818C6881F0086BCDE /* 133 WORDGRID.txt */ = {isa = PBXFileReference; fileEncoding = 4; lastKnownFileType = text; path = "133 WORDGRID.txt"; sourceTree = "<group>"; };
		4B6906E918C6881F0086BCDE /* 134 WORDGRID.txt */ = {isa = PBXFileReference; fileEncoding = 4; lastKnownFileType = text; path = "134 WORDGRID.txt"; sourceTree = "<group>"; };
		4B6906EA18C6881F0086BCDE /* 135 WORDGRID.txt */ = {isa = PBXFileReference; fileEncoding = 4; lastKnownFileType = text; path = "135 WORDGRID.txt"; sourceTree = "<group>"; };
		4B6906EB18C6881F0086BCDE /* 136 WORDGRID.txt */ = {isa = PBXFileReference; fileEncoding = 4; lastKnownFileType = text; path = "136 WORDGRID.txt"; sourceTree = "<group>"; };
		4B6906EC18C6881F0086BCDE /* 137 WORDGRID.txt */ = {isa = PBXFileReference; fileEncoding = 4; lastKnownFileType = text; path = "137 WORDGRID.txt"; sourceTree = "<group>"; };
		4B6906ED18C6881F0086BCDE /* 138 WORDGRID.txt */ = {isa = PBXFileReference; fileEncoding = 4; lastKnownFileType = text; path = "138 WORDGRID.txt"; sourceTree = "<group>"; };
		4B6906EE18C6881F0086BCDE /* 139 WORDGRID.txt */ = {isa = PBXFileReference; fileEncoding = 4; lastKnownFileType = text; path = "139 WORDGRID.txt"; sourceTree = "<group>"; };
		4B6906EF18C6881F0086BCDE /* 140 WORDGRID.txt */ = {isa = PBXFileReference; fileEncoding = 4; lastKnownFileType = text; path = "140 WORDGRID.txt"; sourceTree = "<group>"; };
		4B6906F018C6881F0086BCDE /* 141 WORDGRID.txt */ = {isa = PBXFileReference; fileEncoding = 4; lastKnownFileType = text; path = "141 WORDGRID.txt"; sourceTree = "<group>"; };
		4B6906F118C6881F0086BCDE /* 142 WORDGRID.txt */ = {isa = PBXFileReference; fileEncoding = 4; lastKnownFileType = text; path = "142 WORDGRID.txt"; sourceTree = "<group>"; };
		4B6906F218C6881F0086BCDE /* 143 WORDGRID.txt */ = {isa = PBXFileReference; fileEncoding = 4; lastKnownFileType = text; path = "143 WORDGRID.txt"; sourceTree = "<group>"; };
		4B6906F318C6881F0086BCDE /* 144 WORDGRID.txt */ = {isa = PBXFileReference; fileEncoding = 4; lastKnownFileType = text; path = "144 WORDGRID.txt"; sourceTree = "<group>"; };
		4B6906F418C6881F0086BCDE /* 145 WORDGRID.txt */ = {isa = PBXFileReference; fileEncoding = 4; lastKnownFileType = text; path = "145 WORDGRID.txt"; sourceTree = "<group>"; };
		4B6906F518C6881F0086BCDE /* 146 WORDGRID.txt */ = {isa = PBXFileReference; fileEncoding = 4; lastKnownFileType = text; path = "146 WORDGRID.txt"; sourceTree = "<group>"; };
		4B6906F618C6881F0086BCDE /* 147 WORDGRID.txt */ = {isa = PBXFileReference; fileEncoding = 4; lastKnownFileType = text; path = "147 WORDGRID.txt"; sourceTree = "<group>"; };
		4B7CEB0218A6F22500493FC7 /* WildReadingUserSelectionView.h */ = {isa = PBXFileReference; fileEncoding = 4; lastKnownFileType = sourcecode.c.h; path = WildReadingUserSelectionView.h; sourceTree = "<group>"; };
		4B7CEB0318A6F22500493FC7 /* WildReadingUserSelectionView.m */ = {isa = PBXFileReference; fileEncoding = 4; lastKnownFileType = sourcecode.c.objc; path = WildReadingUserSelectionView.m; sourceTree = "<group>"; };
		4B7CEB0518A703D000493FC7 /* MessageUI.framework */ = {isa = PBXFileReference; lastKnownFileType = wrapper.framework; name = MessageUI.framework; path = System/Library/Frameworks/MessageUI.framework; sourceTree = SDKROOT; };
		4B7EC9EF189621A6006A0E9D /* TaskDataModel 3.xcdatamodel */ = {isa = PBXFileReference; lastKnownFileType = wrapper.xcdatamodel; path = "TaskDataModel 3.xcdatamodel"; sourceTree = "<group>"; };
		4BCAEB121896057A006C639E /* TaskDataModel2.xcdatamodel */ = {isa = PBXFileReference; lastKnownFileType = wrapper.xcdatamodel; path = TaskDataModel2.xcdatamodel; sourceTree = "<group>"; };
		4BD8A96518973EAA004CAC63 /* LoggingSingleton.h */ = {isa = PBXFileReference; fileEncoding = 4; lastKnownFileType = sourcecode.c.h; path = LoggingSingleton.h; sourceTree = "<group>"; };
		4BD8A96618973EAA004CAC63 /* LoggingSingleton.m */ = {isa = PBXFileReference; fileEncoding = 4; lastKnownFileType = sourcecode.c.objc; path = LoggingSingleton.m; sourceTree = "<group>"; };
		590B3603FBCB47AE9EFE65EE /* Pods.xcconfig */ = {isa = PBXFileReference; includeInIndex = 1; lastKnownFileType = text.xcconfig; name = Pods.xcconfig; path = Pods/Pods.xcconfig; sourceTree = "<group>"; };
/* End PBXFileReference section */

/* Begin PBXFrameworksBuildPhase section */
		4B1365801826BA2300C54EC2 /* Frameworks */ = {
			isa = PBXFrameworksBuildPhase;
			buildActionMask = 2147483647;
			files = (
				4B7CEB0618A703D000493FC7 /* MessageUI.framework in Frameworks */,
				4B4019E8189C75BA003FA1D0 /* AVFoundation.framework in Frameworks */,
				4B601D641895FBC20083A7ED /* CoreData.framework in Frameworks */,
				4B1365871826BA2400C54EC2 /* UIKit.framework in Frameworks */,
				4B1365891826BA2400C54EC2 /* Foundation.framework in Frameworks */,
				4B13658B1826BA2400C54EC2 /* CoreGraphics.framework in Frameworks */,
				15E8EEFA94A1497EA51F5C32 /* libPods.a in Frameworks */,
			);
			runOnlyForDeploymentPostprocessing = 0;
		};
		4B1365A51826BA2800C54EC2 /* Frameworks */ = {
			isa = PBXFrameworksBuildPhase;
			buildActionMask = 2147483647;
			files = (
				4B1365AB1826BA2800C54EC2 /* SenTestingKit.framework in Frameworks */,
				4B1365AC1826BA2800C54EC2 /* UIKit.framework in Frameworks */,
				4B1365AD1826BA2800C54EC2 /* Foundation.framework in Frameworks */,
			);
			runOnlyForDeploymentPostprocessing = 0;
		};
/* End PBXFrameworksBuildPhase section */

/* Begin PBXGroup section */
		4B13657A1826BA2300C54EC2 = {
			isa = PBXGroup;
			children = (
				4B13658C1826BA2400C54EC2 /* ReadingWild */,
				4B1365B01826BA2800C54EC2 /* ReadingWildTests */,
				4B1365851826BA2400C54EC2 /* Frameworks */,
				4B1365841826BA2400C54EC2 /* Products */,
				590B3603FBCB47AE9EFE65EE /* Pods.xcconfig */,
			);
			sourceTree = "<group>";
		};
		4B1365841826BA2400C54EC2 /* Products */ = {
			isa = PBXGroup;
			children = (
				4B1365831826BA2400C54EC2 /* ReadingWild.app */,
				4B1365A91826BA2800C54EC2 /* ReadingWildTests.octest */,
			);
			name = Products;
			sourceTree = "<group>";
		};
		4B1365851826BA2400C54EC2 /* Frameworks */ = {
			isa = PBXGroup;
			children = (
				4B7CEB0518A703D000493FC7 /* MessageUI.framework */,
				4B4019E7189C75BA003FA1D0 /* AVFoundation.framework */,
				4B601D631895FBC20083A7ED /* CoreData.framework */,
				4B1365861826BA2400C54EC2 /* UIKit.framework */,
				4B1365881826BA2400C54EC2 /* Foundation.framework */,
				4B13658A1826BA2400C54EC2 /* CoreGraphics.framework */,
				4B1365AA1826BA2800C54EC2 /* SenTestingKit.framework */,
				0F6A77E962E54896A7A0D11E /* libPods.a */,
			);
			name = Frameworks;
			sourceTree = "<group>";
		};
		4B13658C1826BA2400C54EC2 /* ReadingWild */ = {
			isa = PBXGroup;
			children = (
				4B13659E1826BA2500C54EC2 /* MainStoryboard.storyboard */,
				4B1365951826BA2400C54EC2 /* AppDelegate.h */,
				4B1365961826BA2400C54EC2 /* AppDelegate.m */,
				4B1365A11826BA2500C54EC2 /* MainMenuViewController.h */,
				4B1365A21826BA2500C54EC2 /* MainMenuViewController.m */,
				4B4019E1189C1B04003FA1D0 /* WildReadingTaskPlayerViewController.h */,
				4B4019E2189C1B04003FA1D0 /* WildReadingTaskPlayerViewController.m */,
				4B06FF0C182B4D6E0025E854 /* AnagramViewController.h */,
				4B06FF0D182B4D6E0025E854 /* AnagramViewController.m */,
				4B1F6EEC18BC7EDF0007A596 /* WordContainer.h */,
				4B1F6EED18BC7EDF0007A596 /* WordContainer.m */,
				4B06FF10182B57700025E854 /* WordSearchViewController.h */,
				4B06FF11182B57700025E854 /* WordSearchViewController.m */,
				4B06FF08182B4B8D0025E854 /* PuzzleWindow.h */,
				4B06FF09182B4B8D0025E854 /* PuzzleWindow.m */,
				4B4019E4189C6FC2003FA1D0 /* FluencyViewController.h */,
				4B4019E5189C6FC2003FA1D0 /* FluencyViewController.m */,
				4B2818251850562500B98BDA /* Defaults.plist */,
				4B0051B8184A9BCA009F1D26 /* WildReadingTimerView.h */,
				4B0051B9184A9BCA009F1D26 /* WildReadingTimerView.m */,
				4B28181918504A9900B98BDA /* AdminViewController.h */,
				4B28181A18504A9900B98BDA /* AdminViewController.m */,
				4B7CEB0218A6F22500493FC7 /* WildReadingUserSelectionView.h */,
				4B7CEB0318A6F22500493FC7 /* WildReadingUserSelectionView.m */,
				4B28181F18504BC800B98BDA /* TaskCell.h */,
				4B28182018504BC800B98BDA /* TaskCell.m */,
				4B601D601895F16D0083A7ED /* Task.h */,
				4B601D611895F16D0083A7ED /* Task.m */,
				4B2818221850530900B98BDA /* SettingsManager.h */,
				4B2818231850530900B98BDA /* SettingsManager.m */,
				4BD8A96518973EAA004CAC63 /* LoggingSingleton.h */,
				4BD8A96618973EAA004CAC63 /* LoggingSingleton.m */,
				4B1F6F1318BD1BBA0007A596 /* InstructionsHelper.h */,
				4B1F6F1418BD1BBA0007A596 /* InstructionsHelper.m */,
				4B601D5A1895ED840083A7ED /* TaskDataModel.xcdatamodeld */,
				4BB707AE18980C510032F3C4 /* resources */,
				4B13658D1826BA2400C54EC2 /* Supporting Files */,
			);
			path = ReadingWild;
			sourceTree = "<group>";
		};
		4B13658D1826BA2400C54EC2 /* Supporting Files */ = {
			isa = PBXGroup;
			children = (
				4B13658E1826BA2400C54EC2 /* ReadingWild-Info.plist */,
				4B13658F1826BA2400C54EC2 /* InfoPlist.strings */,
				4B1365921826BA2400C54EC2 /* main.m */,
				4B1365941826BA2400C54EC2 /* ReadingWild-Prefix.pch */,
				4B1365981826BA2400C54EC2 /* Default.png */,
				4B13659A1826BA2400C54EC2 /* Default@2x.png */,
				4B13659C1826BA2500C54EC2 /* Default-568h@2x.png */,
			);
			name = "Supporting Files";
			sourceTree = "<group>";
		};
		4B1365B01826BA2800C54EC2 /* ReadingWildTests */ = {
			isa = PBXGroup;
			children = (
				4B1365B61826BA2900C54EC2 /* ReadingWildTests.h */,
				4B1365B71826BA2900C54EC2 /* ReadingWildTests.m */,
				4B1365B11826BA2900C54EC2 /* Supporting Files */,
			);
			path = ReadingWildTests;
			sourceTree = "<group>";
		};
		4B1365B11826BA2900C54EC2 /* Supporting Files */ = {
			isa = PBXGroup;
			children = (
				4B1365B21826BA2900C54EC2 /* ReadingWildTests-Info.plist */,
				4B1365B31826BA2900C54EC2 /* InfoPlist.strings */,
			);
			name = "Supporting Files";
			sourceTree = "<group>";
		};
		4B1F6EF818BD18410007A596 /* icons */ = {
			isa = PBXGroup;
			children = (
				4B3FBD8218B329BB008111A9 /* icon40.png */,
				4B3FBD8318B329BB008111A9 /* icon72.png */,
				4B3FBD8418B329BB008111A9 /* icon76.png */,
				4B3FBD8518B329BB008111A9 /* icon80.png */,
				4B3FBD8618B329BB008111A9 /* icon152.png */,
				4B3FBDD918B32A9D008111A9 /* icon_27479.png */,
			);
			name = icons;
			sourceTree = "<group>";
		};
		4B1F6EF918BD18560007A596 /* category */ = {
			isa = PBXGroup;
			children = (
				4B4019E9189C7756003FA1D0 /* fluencycategories.txt */,
				4B4019EB189C8BBE003FA1D0 /* recording.png */,
			);
			name = category;
			sourceTree = "<group>";
		};
		4B1F6F0618BD1B570007A596 /* instructions */ = {
			isa = PBXGroup;
			children = (
				4B1F6F0718BD1B570007A596 /* anagram_multiple_instructions.txt */,
				4B1F6F0818BD1B570007A596 /* anagram_single_instructions.txt */,
				4B1F6F0918BD1B570007A596 /* fluency_multiple_instructions.txt */,
				4B1F6F0A18BD1B570007A596 /* fluency_single_instructions.txt */,
				4B1F6F0B18BD1B570007A596 /* wordsearch_multiple_instructions.txt */,
				4B1F6F0C18BD1B570007A596 /* wordsearch_single_instructions.txt */,
			);
			path = instructions;
			sourceTree = "<group>";
		};
		4B3FBD8C18B329CC008111A9 /* word_search */ = {
			isa = PBXGroup;
			children = (
				4B6906C818C6881F0086BCDE /* 101 WORDGRID.txt */,
				4B6906C918C6881F0086BCDE /* 102 WORDGRID.txt */,
				4B6906CA18C6881F0086BCDE /* 103 WORDGRID.txt */,
				4B6906CB18C6881F0086BCDE /* 104 WORDGRID.txt */,
				4B6906CC18C6881F0086BCDE /* 105 WORDGRID.txt */,
				4B6906CD18C6881F0086BCDE /* 106 WORDGRID.txt */,
				4B6906CE18C6881F0086BCDE /* 107 WORDGRID.txt */,
				4B6906CF18C6881F0086BCDE /* 108 WORDGRID.txt */,
				4B6906D018C6881F0086BCDE /* 109 WORDGRID.txt */,
				4B6906D118C6881F0086BCDE /* 110 WORDGRID.txt */,
				4B6906D218C6881F0086BCDE /* 111 WORDGRID.txt */,
				4B6906D318C6881F0086BCDE /* 112 WORDGRID.txt */,
				4B6906D418C6881F0086BCDE /* 113 WORDGRID.txt */,
				4B6906D518C6881F0086BCDE /* 114 WORDGRID.txt */,
				4B6906D618C6881F0086BCDE /* 115 WORDGRID.txt */,
				4B6906D718C6881F0086BCDE /* 116 WORDGRID.txt */,
				4B6906D818C6881F0086BCDE /* 117 WORDGRID.txt */,
				4B6906D918C6881F0086BCDE /* 118 WORDGRID.txt */,
				4B6906DA18C6881F0086BCDE /* 119 WORDGRID.txt */,
				4B6906DB18C6881F0086BCDE /* 120 WORDGRID.txt */,
				4B6906DC18C6881F0086BCDE /* 121 WORDGRID.txt */,
				4B6906DD18C6881F0086BCDE /* 122 WORDGRID.txt */,
				4B6906DE18C6881F0086BCDE /* 123 WORDGRID.txt */,
				4B6906DF18C6881F0086BCDE /* 124 WORDGRID.txt */,
				4B6906E018C6881F0086BCDE /* 125 WORDGRID.txt */,
				4B6906E118C6881F0086BCDE /* 126 WORDGRID.txt */,
				4B6906E218C6881F0086BCDE /* 127 WORDGRID.txt */,
				4B6906E318C6881F0086BCDE /* 128 WORDGRID.txt */,
				4B6906E418C6881F0086BCDE /* 129 WORDGRID.txt */,
				4B6906E518C6881F0086BCDE /* 130 WORDGRID.txt */,
				4B6906E618C6881F0086BCDE /* 131 WORDGRID.txt */,
				4B6906E718C6881F0086BCDE /* 132 WORDGRID.txt */,
				4B6906E818C6881F0086BCDE /* 133 WORDGRID.txt */,
				4B6906E918C6881F0086BCDE /* 134 WORDGRID.txt */,
				4B6906EA18C6881F0086BCDE /* 135 WORDGRID.txt */,
				4B6906EB18C6881F0086BCDE /* 136 WORDGRID.txt */,
				4B6906EC18C6881F0086BCDE /* 137 WORDGRID.txt */,
				4B6906ED18C6881F0086BCDE /* 138 WORDGRID.txt */,
				4B6906EE18C6881F0086BCDE /* 139 WORDGRID.txt */,
				4B6906EF18C6881F0086BCDE /* 140 WORDGRID.txt */,
				4B6906F018C6881F0086BCDE /* 141 WORDGRID.txt */,
				4B6906F118C6881F0086BCDE /* 142 WORDGRID.txt */,
				4B6906F218C6881F0086BCDE /* 143 WORDGRID.txt */,
				4B6906F318C6881F0086BCDE /* 144 WORDGRID.txt */,
				4B6906F418C6881F0086BCDE /* 145 WORDGRID.txt */,
				4B6906F518C6881F0086BCDE /* 146 WORDGRID.txt */,
				4B6906F618C6881F0086BCDE /* 147 WORDGRID.txt */,
				4B1F6EEA18BC7E840007A596 /* wordSearchSolutions.csv */,
				4B16DC6218C139BF0048BA7C /* word_search_order.txt */,
			);
			path = word_search;
			sourceTree = "<group>";
		};
		4BB707AE18980C510032F3C4 /* resources */ = {
			isa = PBXGroup;
			children = (
				4B1F6F0618BD1B570007A596 /* instructions */,
				4B1F6EF918BD18560007A596 /* category */,
				4B1F6EF818BD18410007A596 /* icons */,
				4B3FBD8C18B329CC008111A9 /* word_search */,
				4BB707AF18980C510032F3C4 /* anagram */,
			);
			path = resources;
			sourceTree = "<group>";
		};
		4BB707AF18980C510032F3C4 /* anagram */ = {
			isa = PBXGroup;
			children = (
				4B3FBD7A18A9E82B008111A9 /* anagram_words.csv */,
			);
			path = anagram;
			sourceTree = "<group>";
		};
/* End PBXGroup section */

/* Begin PBXNativeTarget section */
		4B1365821826BA2300C54EC2 /* ReadingWild */ = {
			isa = PBXNativeTarget;
			buildConfigurationList = 4B1365BB1826BA2900C54EC2 /* Build configuration list for PBXNativeTarget "ReadingWild" */;
			buildPhases = (
				42D54E8B89BB48E1885CC7FC /* Check Pods Manifest.lock */,
				4B13657F1826BA2300C54EC2 /* Sources */,
				4B1365801826BA2300C54EC2 /* Frameworks */,
				4B1365811826BA2300C54EC2 /* Resources */,
				F3F95429628443A2B228083E /* Copy Pods Resources */,
			);
			buildRules = (
			);
			dependencies = (
			);
			name = ReadingWild;
			productName = ReadingWild;
			productReference = 4B1365831826BA2400C54EC2 /* ReadingWild.app */;
			productType = "com.apple.product-type.application";
		};
		4B1365A81826BA2800C54EC2 /* ReadingWildTests */ = {
			isa = PBXNativeTarget;
			buildConfigurationList = 4B1365BE1826BA2900C54EC2 /* Build configuration list for PBXNativeTarget "ReadingWildTests" */;
			buildPhases = (
				4B1365A41826BA2800C54EC2 /* Sources */,
				4B1365A51826BA2800C54EC2 /* Frameworks */,
				4B1365A61826BA2800C54EC2 /* Resources */,
				4B1365A71826BA2800C54EC2 /* ShellScript */,
			);
			buildRules = (
			);
			dependencies = (
				4B1365AF1826BA2800C54EC2 /* PBXTargetDependency */,
			);
			name = ReadingWildTests;
			productName = ReadingWildTests;
			productReference = 4B1365A91826BA2800C54EC2 /* ReadingWildTests.octest */;
			productType = "com.apple.product-type.bundle";
		};
/* End PBXNativeTarget section */

/* Begin PBXProject section */
		4B13657B1826BA2300C54EC2 /* Project object */ = {
			isa = PBXProject;
			attributes = {
				LastUpgradeCheck = 0460;
				ORGANIZATIONNAME = "Thomas Deegan";
				TargetAttributes = {
					4B1365821826BA2300C54EC2 = {
						DevelopmentTeam = J9UF7HYE7D;
					};
				};
			};
			buildConfigurationList = 4B13657E1826BA2300C54EC2 /* Build configuration list for PBXProject "ReadingWild" */;
			compatibilityVersion = "Xcode 3.2";
			developmentRegion = English;
			hasScannedForEncodings = 0;
			knownRegions = (
				en,
			);
			mainGroup = 4B13657A1826BA2300C54EC2;
			productRefGroup = 4B1365841826BA2400C54EC2 /* Products */;
			projectDirPath = "";
			projectRoot = "";
			targets = (
				4B1365821826BA2300C54EC2 /* ReadingWild */,
				4B1365A81826BA2800C54EC2 /* ReadingWildTests */,
			);
		};
/* End PBXProject section */

/* Begin PBXResourcesBuildPhase section */
		4B1365811826BA2300C54EC2 /* Resources */ = {
			isa = PBXResourcesBuildPhase;
			buildActionMask = 2147483647;
			files = (
				4B69070618C6881F0086BCDE /* 116 WORDGRID.txt in Resources */,
				4B1F6F1018BD1B570007A596 /* fluency_single_instructions.txt in Resources */,
				4B69071C18C6881F0086BCDE /* 138 WORDGRID.txt in Resources */,
				4B1F6F1218BD1B570007A596 /* wordsearch_single_instructions.txt in Resources */,
				4B3FBDDA18B32A9D008111A9 /* icon_27479.png in Resources */,
				4B1F6F0F18BD1B570007A596 /* fluency_multiple_instructions.txt in Resources */,
				4B69070218C6881F0086BCDE /* 112 WORDGRID.txt in Resources */,
				4B1365911826BA2400C54EC2 /* InfoPlist.strings in Resources */,
				4B69070E18C6881F0086BCDE /* 124 WORDGRID.txt in Resources */,
				4B6906FA18C6881F0086BCDE /* 104 WORDGRID.txt in Resources */,
				4B69071518C6881F0086BCDE /* 131 WORDGRID.txt in Resources */,
				4B6906FD18C6881F0086BCDE /* 107 WORDGRID.txt in Resources */,
				4B69070B18C6881F0086BCDE /* 121 WORDGRID.txt in Resources */,
				4B69072518C6881F0086BCDE /* 147 WORDGRID.txt in Resources */,
				4B3FBD8918B329BB008111A9 /* icon76.png in Resources */,
				4B1365991826BA2400C54EC2 /* Default.png in Resources */,
				4B69071618C6881F0086BCDE /* 132 WORDGRID.txt in Resources */,
				4B69071718C6881F0086BCDE /* 133 WORDGRID.txt in Resources */,
				4B6906F818C6881F0086BCDE /* 102 WORDGRID.txt in Resources */,
				4B69071418C6881F0086BCDE /* 130 WORDGRID.txt in Resources */,
				4B69070818C6881F0086BCDE /* 118 WORDGRID.txt in Resources */,
				4B69071018C6881F0086BCDE /* 126 WORDGRID.txt in Resources */,
				4B69072418C6881F0086BCDE /* 146 WORDGRID.txt in Resources */,
				4B69072218C6881F0086BCDE /* 144 WORDGRID.txt in Resources */,
				4B2818261850562500B98BDA /* Defaults.plist in Resources */,
				4B69071118C6881F0086BCDE /* 127 WORDGRID.txt in Resources */,
				4B6906F718C6881F0086BCDE /* 101 WORDGRID.txt in Resources */,
				4B69070A18C6881F0086BCDE /* 120 WORDGRID.txt in Resources */,
				4B13659B1826BA2400C54EC2 /* Default@2x.png in Resources */,
				4B69070118C6881F0086BCDE /* 111 WORDGRID.txt in Resources */,
				4B69071818C6881F0086BCDE /* 134 WORDGRID.txt in Resources */,
				4B69070F18C6881F0086BCDE /* 125 WORDGRID.txt in Resources */,
				4B69072118C6881F0086BCDE /* 143 WORDGRID.txt in Resources */,
				4B13659D1826BA2500C54EC2 /* Default-568h@2x.png in Resources */,
				4B4019EA189C7756003FA1D0 /* fluencycategories.txt in Resources */,
				4B69072018C6881F0086BCDE /* 142 WORDGRID.txt in Resources */,
				4B3FBD7B18A9E82B008111A9 /* anagram_words.csv in Resources */,
				4B69070D18C6881F0086BCDE /* 123 WORDGRID.txt in Resources */,
				4B6906FC18C6881F0086BCDE /* 106 WORDGRID.txt in Resources */,
				4B3FBD8A18B329BB008111A9 /* icon80.png in Resources */,
				4B69070918C6881F0086BCDE /* 119 WORDGRID.txt in Resources */,
				4B6906FB18C6881F0086BCDE /* 105 WORDGRID.txt in Resources */,
				4B6906FF18C6881F0086BCDE /* 109 WORDGRID.txt in Resources */,
				4B69070018C6881F0086BCDE /* 110 WORDGRID.txt in Resources */,
				4B1F6F0E18BD1B570007A596 /* anagram_single_instructions.txt in Resources */,
				4B69070C18C6881F0086BCDE /* 122 WORDGRID.txt in Resources */,
				4B1365A01826BA2500C54EC2 /* MainStoryboard.storyboard in Resources */,
				4B69070718C6881F0086BCDE /* 117 WORDGRID.txt in Resources */,
				4B69072318C6881F0086BCDE /* 145 WORDGRID.txt in Resources */,
				4B69070418C6881F0086BCDE /* 114 WORDGRID.txt in Resources */,
				4B1F6F1118BD1B570007A596 /* wordsearch_multiple_instructions.txt in Resources */,
				4B3FBD8718B329BB008111A9 /* icon40.png in Resources */,
				4B69071A18C6881F0086BCDE /* 136 WORDGRID.txt in Resources */,
				4B69071B18C6881F0086BCDE /* 137 WORDGRID.txt in Resources */,
				4B4019EC189C8BBE003FA1D0 /* recording.png in Resources */,
				4B69071918C6881F0086BCDE /* 135 WORDGRID.txt in Resources */,
				4B6906FE18C6881F0086BCDE /* 108 WORDGRID.txt in Resources */,
				4B69071218C6881F0086BCDE /* 128 WORDGRID.txt in Resources */,
				4B69071E18C6881F0086BCDE /* 140 WORDGRID.txt in Resources */,
				4B69071F18C6881F0086BCDE /* 141 WORDGRID.txt in Resources */,
				4B1F6EEB18BC7E840007A596 /* wordSearchSolutions.csv in Resources */,
				4B16DC6318C139BF0048BA7C /* word_search_order.txt in Resources */,
				4B69071318C6881F0086BCDE /* 129 WORDGRID.txt in Resources */,
				4B69070318C6881F0086BCDE /* 113 WORDGRID.txt in Resources */,
				4B3FBD8818B329BB008111A9 /* icon72.png in Resources */,
				4B3FBD8B18B329BB008111A9 /* icon152.png in Resources */,
				4B1F6F0D18BD1B570007A596 /* anagram_multiple_instructions.txt in Resources */,
				4B6906F918C6881F0086BCDE /* 103 WORDGRID.txt in Resources */,
				4B69070518C6881F0086BCDE /* 115 WORDGRID.txt in Resources */,
				4B69071D18C6881F0086BCDE /* 139 WORDGRID.txt in Resources */,
			);
			runOnlyForDeploymentPostprocessing = 0;
		};
		4B1365A61826BA2800C54EC2 /* Resources */ = {
			isa = PBXResourcesBuildPhase;
			buildActionMask = 2147483647;
			files = (
				4B1365B51826BA2900C54EC2 /* InfoPlist.strings in Resources */,
			);
			runOnlyForDeploymentPostprocessing = 0;
		};
/* End PBXResourcesBuildPhase section */

/* Begin PBXShellScriptBuildPhase section */
		42D54E8B89BB48E1885CC7FC /* Check Pods Manifest.lock */ = {
			isa = PBXShellScriptBuildPhase;
			buildActionMask = 2147483647;
			files = (
			);
			inputPaths = (
			);
			name = "Check Pods Manifest.lock";
			outputPaths = (
			);
			runOnlyForDeploymentPostprocessing = 0;
			shellPath = /bin/sh;
			shellScript = "diff \"${PODS_ROOT}/../Podfile.lock\" \"${PODS_ROOT}/Manifest.lock\" > /dev/null\nif [[ $? != 0 ]] ; then\n    cat << EOM\nerror: The sandbox is not in sync with the Podfile.lock. Run 'pod install' or update your CocoaPods installation.\nEOM\n    exit 1\nfi\n";
			showEnvVarsInLog = 0;
		};
		4B1365A71826BA2800C54EC2 /* ShellScript */ = {
			isa = PBXShellScriptBuildPhase;
			buildActionMask = 2147483647;
			files = (
			);
			inputPaths = (
			);
			outputPaths = (
			);
			runOnlyForDeploymentPostprocessing = 0;
			shellPath = /bin/sh;
			shellScript = "# Run the unit tests in this test bundle.\n\"${SYSTEM_DEVELOPER_DIR}/Tools/RunUnitTests\"\n";
		};
		F3F95429628443A2B228083E /* Copy Pods Resources */ = {
			isa = PBXShellScriptBuildPhase;
			buildActionMask = 2147483647;
			files = (
			);
			inputPaths = (
			);
			name = "Copy Pods Resources";
			outputPaths = (
			);
			runOnlyForDeploymentPostprocessing = 0;
			shellPath = /bin/sh;
			shellScript = "\"${SRCROOT}/Pods/Pods-resources.sh\"\n";
			showEnvVarsInLog = 0;
		};
/* End PBXShellScriptBuildPhase section */

/* Begin PBXSourcesBuildPhase section */
		4B13657F1826BA2300C54EC2 /* Sources */ = {
			isa = PBXSourcesBuildPhase;
			buildActionMask = 2147483647;
			files = (
				4B601D5C1895ED840083A7ED /* TaskDataModel.xcdatamodeld in Sources */,
				4B28181B18504A9900B98BDA /* AdminViewController.m in Sources */,
				4B1365931826BA2400C54EC2 /* main.m in Sources */,
				4B7CEB0418A6F22500493FC7 /* WildReadingUserSelectionView.m in Sources */,
				4B2818241850530900B98BDA /* SettingsManager.m in Sources */,
				4B601D621895F16D0083A7ED /* Task.m in Sources */,
				4BD8A96718973EAA004CAC63 /* LoggingSingleton.m in Sources */,
				4B1365971826BA2400C54EC2 /* AppDelegate.m in Sources */,
				4B4019E3189C1B04003FA1D0 /* WildReadingTaskPlayerViewController.m in Sources */,
				4B4019E6189C6FC2003FA1D0 /* FluencyViewController.m in Sources */,
				4B1F6F1518BD1BBA0007A596 /* InstructionsHelper.m in Sources */,
				4B1365A31826BA2500C54EC2 /* MainMenuViewController.m in Sources */,
				4B0051BA184A9BCA009F1D26 /* WildReadingTimerView.m in Sources */,
				4B06FF0A182B4B8D0025E854 /* PuzzleWindow.m in Sources */,
				4B28182118504BC800B98BDA /* TaskCell.m in Sources */,
				4B1F6EEE18BC7EDF0007A596 /* WordContainer.m in Sources */,
				4B06FF0E182B4D6E0025E854 /* AnagramViewController.m in Sources */,
				4B06FF12182B57700025E854 /* WordSearchViewController.m in Sources */,
			);
			runOnlyForDeploymentPostprocessing = 0;
		};
		4B1365A41826BA2800C54EC2 /* Sources */ = {
			isa = PBXSourcesBuildPhase;
			buildActionMask = 2147483647;
			files = (
				4B1365B81826BA2900C54EC2 /* ReadingWildTests.m in Sources */,
				4B06FF0B182B4B8D0025E854 /* PuzzleWindow.m in Sources */,
				4B06FF0F182B4D6E0025E854 /* AnagramViewController.m in Sources */,
				4B06FF13182B57700025E854 /* WordSearchViewController.m in Sources */,
			);
			runOnlyForDeploymentPostprocessing = 0;
		};
/* End PBXSourcesBuildPhase section */

/* Begin PBXTargetDependency section */
		4B1365AF1826BA2800C54EC2 /* PBXTargetDependency */ = {
			isa = PBXTargetDependency;
			target = 4B1365821826BA2300C54EC2 /* ReadingWild */;
			targetProxy = 4B1365AE1826BA2800C54EC2 /* PBXContainerItemProxy */;
		};
/* End PBXTargetDependency section */

/* Begin PBXVariantGroup section */
		4B13658F1826BA2400C54EC2 /* InfoPlist.strings */ = {
			isa = PBXVariantGroup;
			children = (
				4B1365901826BA2400C54EC2 /* en */,
			);
			name = InfoPlist.strings;
			sourceTree = "<group>";
		};
		4B13659E1826BA2500C54EC2 /* MainStoryboard.storyboard */ = {
			isa = PBXVariantGroup;
			children = (
				4B13659F1826BA2500C54EC2 /* en */,
			);
			name = MainStoryboard.storyboard;
			sourceTree = "<group>";
		};
		4B1365B31826BA2900C54EC2 /* InfoPlist.strings */ = {
			isa = PBXVariantGroup;
			children = (
				4B1365B41826BA2900C54EC2 /* en */,
			);
			name = InfoPlist.strings;
			sourceTree = "<group>";
		};
/* End PBXVariantGroup section */

/* Begin XCBuildConfiguration section */
		4B1365B91826BA2900C54EC2 /* Debug */ = {
			isa = XCBuildConfiguration;
			buildSettings = {
				ALWAYS_SEARCH_USER_PATHS = NO;
				CLANG_CXX_LANGUAGE_STANDARD = "gnu++0x";
				CLANG_CXX_LIBRARY = "libc++";
				CLANG_ENABLE_OBJC_ARC = YES;
				CLANG_WARN_CONSTANT_CONVERSION = YES;
				CLANG_WARN_EMPTY_BODY = YES;
				CLANG_WARN_ENUM_CONVERSION = YES;
				CLANG_WARN_INT_CONVERSION = YES;
				CLANG_WARN__DUPLICATE_METHOD_MATCH = YES;
				"CODE_SIGN_IDENTITY[sdk=iphoneos*]" = "iPhone Developer";
				COPY_PHASE_STRIP = NO;
				GCC_C_LANGUAGE_STANDARD = gnu99;
				GCC_DYNAMIC_NO_PIC = NO;
				GCC_OPTIMIZATION_LEVEL = 0;
				GCC_PREPROCESSOR_DEFINITIONS = (
					"DEBUG=1",
					"$(inherited)",
				);
				GCC_SYMBOLS_PRIVATE_EXTERN = NO;
				GCC_WARN_ABOUT_RETURN_TYPE = YES;
				GCC_WARN_UNINITIALIZED_AUTOS = YES;
				GCC_WARN_UNUSED_VARIABLE = YES;
				IPHONEOS_DEPLOYMENT_TARGET = 6.1;
				ONLY_ACTIVE_ARCH = YES;
				SDKROOT = iphoneos;
				TARGETED_DEVICE_FAMILY = 2;
			};
			name = Debug;
		};
		4B1365BA1826BA2900C54EC2 /* Release */ = {
			isa = XCBuildConfiguration;
			buildSettings = {
				ALWAYS_SEARCH_USER_PATHS = NO;
				CLANG_CXX_LANGUAGE_STANDARD = "gnu++0x";
				CLANG_CXX_LIBRARY = "libc++";
				CLANG_ENABLE_OBJC_ARC = YES;
				CLANG_WARN_CONSTANT_CONVERSION = YES;
				CLANG_WARN_EMPTY_BODY = YES;
				CLANG_WARN_ENUM_CONVERSION = YES;
				CLANG_WARN_INT_CONVERSION = YES;
				CLANG_WARN__DUPLICATE_METHOD_MATCH = YES;
				"CODE_SIGN_IDENTITY[sdk=iphoneos*]" = "iPhone Developer";
				COPY_PHASE_STRIP = YES;
				GCC_C_LANGUAGE_STANDARD = gnu99;
				GCC_WARN_ABOUT_RETURN_TYPE = YES;
				GCC_WARN_UNINITIALIZED_AUTOS = YES;
				GCC_WARN_UNUSED_VARIABLE = YES;
				IPHONEOS_DEPLOYMENT_TARGET = 6.1;
				OTHER_CFLAGS = "-DNS_BLOCK_ASSERTIONS=1";
				SDKROOT = iphoneos;
				TARGETED_DEVICE_FAMILY = 2;
				VALIDATE_PRODUCT = YES;
			};
			name = Release;
		};
		4B1365BC1826BA2900C54EC2 /* Debug */ = {
			isa = XCBuildConfiguration;
			baseConfigurationReference = 590B3603FBCB47AE9EFE65EE /* Pods.xcconfig */;
			buildSettings = {
				CODE_SIGN_IDENTITY = "iPhone Developer";
				"CODE_SIGN_IDENTITY[sdk=iphoneos*]" = "iPhone Developer";
				FRAMEWORK_SEARCH_PATHS = (
					"$(inherited)",
					"$(DEVELOPER_FRAMEWORKS_DIR)",
				);
				GCC_PRECOMPILE_PREFIX_HEADER = YES;
				GCC_PREFIX_HEADER = "ReadingWild/ReadingWild-Prefix.pch";
				INFOPLIST_FILE = "ReadingWild/ReadingWild-Info.plist";
				PRODUCT_NAME = "$(TARGET_NAME)";
				PROVISIONING_PROFILE = "";
				WRAPPER_EXTENSION = app;
			};
			name = Debug;
		};
		4B1365BD1826BA2900C54EC2 /* Release */ = {
			isa = XCBuildConfiguration;
			baseConfigurationReference = 590B3603FBCB47AE9EFE65EE /* Pods.xcconfig */;
			buildSettings = {
				CODE_SIGN_IDENTITY = "iPhone Developer";
				"CODE_SIGN_IDENTITY[sdk=iphoneos*]" = "iPhone Developer";
				FRAMEWORK_SEARCH_PATHS = (
					"$(inherited)",
					"$(DEVELOPER_FRAMEWORKS_DIR)",
				);
				GCC_PRECOMPILE_PREFIX_HEADER = YES;
				GCC_PREFIX_HEADER = "ReadingWild/ReadingWild-Prefix.pch";
				INFOPLIST_FILE = "ReadingWild/ReadingWild-Info.plist";
				PRODUCT_NAME = "$(TARGET_NAME)";
				PROVISIONING_PROFILE = "";
				WRAPPER_EXTENSION = app;
			};
			name = Release;
		};
		4B1365BF1826BA2900C54EC2 /* Debug */ = {
			isa = XCBuildConfiguration;
			buildSettings = {
				BUNDLE_LOADER = "$(BUILT_PRODUCTS_DIR)/ReadingWild.app/ReadingWild";
				FRAMEWORK_SEARCH_PATHS = (
					"\"$(SDKROOT)/Developer/Library/Frameworks\"",
					"\"$(DEVELOPER_LIBRARY_DIR)/Frameworks\"",
				);
				GCC_PRECOMPILE_PREFIX_HEADER = YES;
				GCC_PREFIX_HEADER = "ReadingWild/ReadingWild-Prefix.pch";
				INFOPLIST_FILE = "ReadingWildTests/ReadingWildTests-Info.plist";
				PRODUCT_NAME = "$(TARGET_NAME)";
				TEST_HOST = "$(BUNDLE_LOADER)";
				WRAPPER_EXTENSION = octest;
			};
			name = Debug;
		};
		4B1365C01826BA2900C54EC2 /* Release */ = {
			isa = XCBuildConfiguration;
			buildSettings = {
				BUNDLE_LOADER = "$(BUILT_PRODUCTS_DIR)/ReadingWild.app/ReadingWild";
				FRAMEWORK_SEARCH_PATHS = (
					"\"$(SDKROOT)/Developer/Library/Frameworks\"",
					"\"$(DEVELOPER_LIBRARY_DIR)/Frameworks\"",
				);
				GCC_PRECOMPILE_PREFIX_HEADER = YES;
				GCC_PREFIX_HEADER = "ReadingWild/ReadingWild-Prefix.pch";
				INFOPLIST_FILE = "ReadingWildTests/ReadingWildTests-Info.plist";
				PRODUCT_NAME = "$(TARGET_NAME)";
				TEST_HOST = "$(BUNDLE_LOADER)";
				WRAPPER_EXTENSION = octest;
			};
			name = Release;
		};
/* End XCBuildConfiguration section */

/* Begin XCConfigurationList section */
		4B13657E1826BA2300C54EC2 /* Build configuration list for PBXProject "ReadingWild" */ = {
			isa = XCConfigurationList;
			buildConfigurations = (
				4B1365B91826BA2900C54EC2 /* Debug */,
				4B1365BA1826BA2900C54EC2 /* Release */,
			);
			defaultConfigurationIsVisible = 0;
			defaultConfigurationName = Release;
		};
		4B1365BB1826BA2900C54EC2 /* Build configuration list for PBXNativeTarget "ReadingWild" */ = {
			isa = XCConfigurationList;
			buildConfigurations = (
				4B1365BC1826BA2900C54EC2 /* Debug */,
				4B1365BD1826BA2900C54EC2 /* Release */,
			);
			defaultConfigurationIsVisible = 0;
			defaultConfigurationName = Release;
		};
		4B1365BE1826BA2900C54EC2 /* Build configuration list for PBXNativeTarget "ReadingWildTests" */ = {
			isa = XCConfigurationList;
			buildConfigurations = (
				4B1365BF1826BA2900C54EC2 /* Debug */,
				4B1365C01826BA2900C54EC2 /* Release */,
			);
			defaultConfigurationIsVisible = 0;
			defaultConfigurationName = Release;
		};
/* End XCConfigurationList section */

/* Begin XCVersionGroup section */
		4B601D5A1895ED840083A7ED /* TaskDataModel.xcdatamodeld */ = {
			isa = XCVersionGroup;
			children = (
				4BCAEB121896057A006C639E /* TaskDataModel2.xcdatamodel */,
				4B7EC9EF189621A6006A0E9D /* TaskDataModel 3.xcdatamodel */,
				4B601D5B1895ED840083A7ED /* TaskDataModel.xcdatamodel */,
			);
			currentVersion = 4B7EC9EF189621A6006A0E9D /* TaskDataModel 3.xcdatamodel */;
			path = TaskDataModel.xcdatamodeld;
			sourceTree = "<group>";
			versionGroupType = wrapper.xcdatamodel;
		};
/* End XCVersionGroup section */
	};
	rootObject = 4B13657B1826BA2300C54EC2 /* Project object */;
}
